
Microsoft Visual Studio Solution File, Format Version 12.00
# Visual Studio 14
VisualStudioVersion = 14.0.25123.0
MinimumVisualStudioVersion = 10.0.40219.1
Project("{FAE04EC0-301F-11D3-BF4B-00C04F79EFBC}") = "2D_Math_test", "2D_Math_test\2D_Math_test.csproj", "{1E32FADD-E91B-4342-915E-B682048C36CF}"
EndProject
Global
	GlobalSection(SolutionConfigurationPlatforms) = preSolution
		Debug|Any CPU = Debug|Any CPU
		Release|Any CPU = Release|Any CPU
	EndGlobalSection
	GlobalSection(ProjectConfigurationPlatforms) = postSolution
		{1E32FADD-E91B-4342-915E-B682048C36CF}.Debug|Any CPU.ActiveCfg = Debug|Any CPU
		{1E32FADD-E91B-4342-915E-B682048C36CF}.Debug|Any CPU.Build.0 = Debug|Any CPU
		{1E32FADD-E91B-4342-915E-B682048C36CF}.Release|Any CPU.ActiveCfg = Release|Any CPU
		{1E32FADD-E91B-4342-915E-B682048C36CF}.Release|Any CPU.Build.0 = Release|Any CPU
	EndGlobalSection
	GlobalSection(SolutionProperties) = preSolution
		HideSolutionNode = FALSE
	EndGlobalSection
EndGlobal
